{
  "object": {
    "pins": [
      {
        "package": "GSPlayer",
        "repositoryURL": "https://github.com/wxxsw/GSPlayer.git",
        "state": {
          "branch": null,
          "revision": "95c57e6a9aa0aa39ff3c52d0376ddf94e400c574",
          "version": "0.2.16"
        }
      }
    ]
  },
  "version": 1
}
